# THIS IS AN AUTOGENERATED FILE. DO NOT EDIT THIS FILE DIRECTLY.
# yarn lockfile v1


"@rollup/pluginutils@^4.1.0":
  version "4.1.0"
  resolved "https://registry.yarnpkg.com/@rollup/pluginutils/-/pluginutils-4.1.0.tgz#0dcc61c780e39257554feb7f77207dceca13c838"
  integrity sha512-TrBhfJkFxA+ER+ew2U2/fHbebhLT/l/2pRk0hfj9KusXUuRXd2v0R58AfaZK9VXDQ4TogOSEmICVrQAA3zFnHQ==
  dependencies:
    estree-walker "^2.0.1"
    picomatch "^2.2.2"

"@sveltejs/adapter-static@^1.0.0-next.13":
  version "1.0.0-next.13"
  resolved "https://registry.yarnpkg.com/@sveltejs/adapter-static/-/adapter-static-1.0.0-next.13.tgz#5cba8f2905a5a7b956c2663d73ac02f7eb6da7c4"
  integrity sha512-zaXJlWK9JfrjrE6nG5etB8kf4DSkbE3H8Ql6gmCk3WjdvpY85a60TMYBU9OK2iunkqpHnPYiMUGEnOGYmWlLYA==

"@sveltejs/kit@^1.0.0-next.127":
  version "1.0.0-next.127"
  resolved "https://registry.yarnpkg.com/@sveltejs/kit/-/kit-1.0.0-next.127.tgz#ca8cc9dfdc02806545974307ea315054f9736902"
  integrity sha512-tIu0CetzpUNkrJbqpjIJXmxtwRZ0FZYR2V8yZjcOxxqZpwi2MsfjSxG6lWpuo1hghyBJJMMREntqhUSmhIOOOg==
  dependencies:
    "@sveltejs/vite-plugin-svelte" "^1.0.0-next.12"
    cheap-watch "^1.0.3"
    sade "^1.7.4"
    vite "^2.4.1"

"@sveltejs/vite-plugin-svelte@^1.0.0-next.12":
  version "1.0.0-next.12"
  resolved "https://registry.yarnpkg.com/@sveltejs/vite-plugin-svelte/-/vite-plugin-svelte-1.0.0-next.12.tgz#5ab9cc2bc361d2d6fc9abbbd73fcd2803bf8f00c"
  integrity sha512-cuyNkJ6leptfv+7qL/fWQ7EpGWdguosFOUI0z93oQUmFTcX7QxJ5h+QI3NQyktBzlKL/761L8BbG2hHNkVbLIQ==
  dependencies:
    "@rollup/pluginutils" "^4.1.0"
    debug "^4.3.2"
    kleur "^4.1.4"
    magic-string "^0.25.7"
    require-relative "^0.8.7"
    svelte-hmr "^0.14.5"

"@types/mdast@^3.0.0":
  version "3.0.4"
  resolved "https://registry.yarnpkg.com/@types/mdast/-/mdast-3.0.4.tgz#8ee6b5200751b6cadb9a043ca39612693ad6cb9e"
  integrity sha512-gIdhbLDFlspL53xzol2hVzrXAbzt71erJHoOwQZWssjaiouOotf03lNtMmFm9VfFkvnLWccSVjUAZGQ5Kqw+jA==
  dependencies:
    "@types/unist" "*"

"@types/unist@*", "@types/unist@^2.0.0", "@types/unist@^2.0.2":
  version "2.0.5"
  resolved "https://registry.yarnpkg.com/@types/unist/-/unist-2.0.5.tgz#fdd299f23205c3455af88ce618dd65c14cb73e22"
  integrity sha512-wnra4Vw9dopnuybR6HBywJ/URYpYrKLoepBTEtgfJup8Ahoi2zJECPP2cwiXp7btTvOT2CULv87aQRA4eZSP6g==

argparse@^1.0.7:
  version "1.0.10"
  resolved "https://registry.yarnpkg.com/argparse/-/argparse-1.0.10.tgz#bcd6791ea5ae09725e17e5ad988134cd40b3d911"
  integrity sha512-o5Roy6tNG4SL/FOkCAN6RzjiakZS25RLYFrcMttJqbdd8BWrnA+fGz57iN5Pb06pvBGvl5gQ0B48dJlslXvoTg==
  dependencies:
    sprintf-js "~1.0.2"

bail@^1.0.0:
  version "1.0.5"
  resolved "https://registry.yarnpkg.com/bail/-/bail-1.0.5.tgz#b6fa133404a392cbc1f8c4bf63f5953351e7a776"
  integrity sha512-xFbRxM1tahm08yHBP16MMjVUAvDaBMD38zsM9EMAUN61omwLmKlOpB/Zku5QkjZ8TZ4vn53pj+t518cH0S03RQ==

ccount@^1.0.0:
  version "1.1.0"
  resolved "https://registry.yarnpkg.com/ccount/-/ccount-1.1.0.tgz#246687debb6014735131be8abab2d93898f8d043"
  integrity sha512-vlNK021QdI7PNeiUh/lKkC/mNHHfV0m/Ad5JoI0TYtlBnJAslM/JIkm/tGC88bkLIwO6OQ5uV6ztS6kVAtCDlg==

character-entities-html4@^1.0.0:
  version "1.1.4"
  resolved "https://registry.yarnpkg.com/character-entities-html4/-/character-entities-html4-1.1.4.tgz#0e64b0a3753ddbf1fdc044c5fd01d0199a02e125"
  integrity sha512-HRcDxZuZqMx3/a+qrzxdBKBPUpxWEq9xw2OPZ3a/174ihfrQKVsFhqtthBInFy1zZ9GgZyFXOatNujm8M+El3g==

character-entities-legacy@^1.0.0:
  version "1.1.4"
  resolved "https://registry.yarnpkg.com/character-entities-legacy/-/character-entities-legacy-1.1.4.tgz#94bc1845dce70a5bb9d2ecc748725661293d8fc1"
  integrity sha512-3Xnr+7ZFS1uxeiUDvV02wQ+QDbc55o97tIV5zHScSPJpcLm/r0DFPcoY3tYRp+VZukxuMeKgXYmsXQHO05zQeA==

character-entities@^1.0.0:
  version "1.2.4"
  resolved "https://registry.yarnpkg.com/character-entities/-/character-entities-1.2.4.tgz#e12c3939b7eaf4e5b15e7ad4c5e28e1d48c5b16b"
  integrity sha512-iBMyeEHxfVnIakwOuDXpVkc54HijNgCyQB2w0VfGQThle6NXn50zU6V/u+LDhxHcDUPojn6Kpga3PTAD8W1bQw==

character-reference-invalid@^1.0.0:
  version "1.1.4"
  resolved "https://registry.yarnpkg.com/character-reference-invalid/-/character-reference-invalid-1.1.4.tgz#083329cda0eae272ab3dbbf37e9a382c13af1560"
  integrity sha512-mKKUkUbhPpQlCOfIuZkvSEgktjPFIsZKRRbC6KWVEMvlzblj3i3asQv5ODsrwt0N3pHAEvjP8KTQPHkp0+6jOg==

cheap-watch@^1.0.3:
  version "1.0.3"
  resolved "https://registry.yarnpkg.com/cheap-watch/-/cheap-watch-1.0.3.tgz#3c4265718bcf8f1ae08f5e450f9f4693432e028e"
  integrity sha512-xC5CruMhLzjPwJ5ecUxGu1uGmwJQykUhqd2QrCrYbwvsFYdRyviu6jG9+pccwDXJR/OpmOTOJ9yLFunVgQu9wg==

colorette@^1.2.2:
  version "1.2.2"
  resolved "https://registry.yarnpkg.com/colorette/-/colorette-1.2.2.tgz#cbcc79d5e99caea2dbf10eb3a26fd8b3e6acfa94"
  integrity sha512-MKGMzyfeuutC/ZJ1cba9NqcNpfeqMUcYmyF1ZFY6/Cn7CNSAKx6a+s48sqLqyAiZuaP2TcqMhoo+dlwFnVxT9w==

comma-separated-tokens@^1.0.0:
  version "1.0.8"
  resolved "https://registry.yarnpkg.com/comma-separated-tokens/-/comma-separated-tokens-1.0.8.tgz#632b80b6117867a158f1080ad498b2fbe7e3f5ea"
  integrity sha512-GHuDRO12Sypu2cV70d1dkA2EUmXHgntrzbpvOB+Qy+49ypNfGgFQIC2fhhXbnyrJRynDCAARsT7Ou0M6hirpfw==

debug@^4.0.0, debug@^4.3.2:
  version "4.3.2"
  resolved "https://registry.yarnpkg.com/debug/-/debug-4.3.2.tgz#f0a49c18ac8779e31d4a0c6029dfb76873c7428b"
  integrity sha512-mOp8wKcvj7XxC78zLgw/ZA+6TSgkoE2C/ienthhRD298T7UNwAg9diBpLRxC0mOezLl4B0xV7M0cCO6P/O0Xhw==
  dependencies:
    ms "2.1.2"

esbuild@^0.12.8:
  version "0.12.15"
  resolved "https://registry.yarnpkg.com/esbuild/-/esbuild-0.12.15.tgz#9d99cf39aeb2188265c5983e983e236829f08af0"
  integrity sha512-72V4JNd2+48eOVCXx49xoSWHgC3/cCy96e7mbXKY+WOWghN00cCmlGnwVLRhRHorvv0dgCyuMYBZlM2xDM5OQw==

esprima@^4.0.0:
  version "4.0.1"
  resolved "https://registry.yarnpkg.com/esprima/-/esprima-4.0.1.tgz#13b04cdb3e6c5d19df91ab6987a8695619b0aa71"
  integrity sha512-eGuFFw7Upda+g4p+QHvnW0RyTX/SVeJBDM/gCtMARO0cLuT2HcEKnTPvhjV6aGeqrCB/sbNop0Kszm0jsaWU4A==

estree-walker@^2.0.1:
  version "2.0.2"
  resolved "https://registry.yarnpkg.com/estree-walker/-/estree-walker-2.0.2.tgz#52f010178c2a4c117a7757cfe942adb7d2da4cac"
  integrity sha512-Rfkk/Mp/DL7JVje3u18FxFujQlTNR2q6QfMSMB7AvCBx91NGj/ba3kCfza0f6dVDbw7YlRf/nDrn7pQrCCyQ/w==

extend-shallow@^2.0.1:
  version "2.0.1"
  resolved "https://registry.yarnpkg.com/extend-shallow/-/extend-shallow-2.0.1.tgz#51af7d614ad9a9f610ea1bafbb989d6b1c56890f"
  integrity sha1-Ua99YUrZqfYQ6huvu5idaxxWiQ8=
  dependencies:
    is-extendable "^0.1.0"

extend@^3.0.0:
  version "3.0.2"
  resolved "https://registry.yarnpkg.com/extend/-/extend-3.0.2.tgz#f8b1136b4071fbd8eb140aff858b1019ec2915fa"
  integrity sha512-fjquC59cD7CyW6urNXK0FBufkZcoiGG80wTuPujX590cB5Ttln20E2UB4S/WARVqhXffZl2LNgS+gQdPIIim/g==

fsevents@~2.3.2:
  version "2.3.2"
  resolved "https://registry.yarnpkg.com/fsevents/-/fsevents-2.3.2.tgz#8a526f78b8fdf4623b709e0b975c52c24c02fd1a"
  integrity sha512-xiqMQR4xAeHTuB9uWm+fFRcIOgKBMiOBP+eXiyT7jsgVCq1bkVygt00oASowB7EdtpOHaaPgKt812P9ab+DDKA==

function-bind@^1.1.1:
  version "1.1.1"
  resolved "https://registry.yarnpkg.com/function-bind/-/function-bind-1.1.1.tgz#a56899d3ea3c9bab874bb9773b7c5ede92f4895d"
  integrity sha512-yIovAzMX49sF8Yl58fSCWJ5svSLuaibPxXQJFLmBObTuCr0Mf1KiPopGM9NiFjiYBCbfaa2Fh6breQ6ANVTI0A==

gray-matter@^4.0.3:
  version "4.0.3"
  resolved "https://registry.yarnpkg.com/gray-matter/-/gray-matter-4.0.3.tgz#e893c064825de73ea1f5f7d88c7a9f7274288798"
  integrity sha512-5v6yZd4JK3eMI3FqqCouswVqwugaA9r4dNZB1wwcmrD02QkV5H0y7XBQW8QwQqEaZY1pM9aqORSORhJRdNK44Q==
  dependencies:
    js-yaml "^3.13.1"
    kind-of "^6.0.2"
    section-matter "^1.0.0"
    strip-bom-string "^1.0.0"

has@^1.0.3:
  version "1.0.3"
  resolved "https://registry.yarnpkg.com/has/-/has-1.0.3.tgz#722d7cbfc1f6aa8241f16dd814e011e1f41e8796"
  integrity sha512-f2dvO0VU6Oej7RkWJGrehjbzMAjFp5/VKPp5tTpWIV4JHHZK1/BxbFRtf/siA2SWTe09caDmVtYYzWEIbBS4zw==
  dependencies:
    function-bind "^1.1.1"

hast-util-is-element@^1.0.0:
  version "1.1.0"
  resolved "https://registry.yarnpkg.com/hast-util-is-element/-/hast-util-is-element-1.1.0.tgz#3b3ed5159a2707c6137b48637fbfe068e175a425"
  integrity sha512-oUmNua0bFbdrD/ELDSSEadRVtWZOf3iF6Lbv81naqsIV99RnSCieTbWuWCY8BAeEfKJTKl0gRdokv+dELutHGQ==

hast-util-to-html@^7.1.1:
  version "7.1.3"
  resolved "https://registry.yarnpkg.com/hast-util-to-html/-/hast-util-to-html-7.1.3.tgz#9f339ca9bea71246e565fc79ff7dbfe98bb50f5e"
  integrity sha512-yk2+1p3EJTEE9ZEUkgHsUSVhIpCsL/bvT8E5GzmWc+N1Po5gBw+0F8bo7dpxXR0nu0bQVxVZGX2lBGF21CmeDw==
  dependencies:
    ccount "^1.0.0"
    comma-separated-tokens "^1.0.0"
    hast-util-is-element "^1.0.0"
    hast-util-whitespace "^1.0.0"
    html-void-elements "^1.0.0"
    property-information "^5.0.0"
    space-separated-tokens "^1.0.0"
    stringify-entities "^3.0.1"
    unist-util-is "^4.0.0"
    xtend "^4.0.0"

hast-util-whitespace@^1.0.0:
  version "1.0.4"
  resolved "https://registry.yarnpkg.com/hast-util-whitespace/-/hast-util-whitespace-1.0.4.tgz#e4fe77c4a9ae1cb2e6c25e02df0043d0164f6e41"
  integrity sha512-I5GTdSfhYfAPNztx2xJRQpG8cuDSNt599/7YUn7Gx/WxNMsG+a835k97TDkFgk123cwjfwINaZknkKkphx/f2A==

html-void-elements@^1.0.0:
  version "1.0.5"
  resolved "https://registry.yarnpkg.com/html-void-elements/-/html-void-elements-1.0.5.tgz#ce9159494e86d95e45795b166c2021c2cfca4483"
  integrity sha512-uE/TxKuyNIcx44cIWnjr/rfIATDH7ZaOMmstu0CwhFG1Dunhlp4OC6/NMbhiwoq5BpW0ubi303qnEk/PZj614w==

is-alphabetical@^1.0.0:
  version "1.0.4"
  resolved "https://registry.yarnpkg.com/is-alphabetical/-/is-alphabetical-1.0.4.tgz#9e7d6b94916be22153745d184c298cbf986a686d"
  integrity sha512-DwzsA04LQ10FHTZuL0/grVDk4rFoVH1pjAToYwBrHSxcrBIGQuXrQMtD5U1b0U2XVgKZCTLLP8u2Qxqhy3l2Vg==

is-alphanumerical@^1.0.0:
  version "1.0.4"
  resolved "https://registry.yarnpkg.com/is-alphanumerical/-/is-alphanumerical-1.0.4.tgz#7eb9a2431f855f6b1ef1a78e326df515696c4dbf"
  integrity sha512-UzoZUr+XfVz3t3v4KyGEniVL9BDRoQtY7tOyrRybkVNjDFWyo1yhXNGrrBTQxp3ib9BLAWs7k2YKBQsFRkZG9A==
  dependencies:
    is-alphabetical "^1.0.0"
    is-decimal "^1.0.0"

is-buffer@^2.0.0:
  version "2.0.5"
  resolved "https://registry.yarnpkg.com/is-buffer/-/is-buffer-2.0.5.tgz#ebc252e400d22ff8d77fa09888821a24a658c191"
  integrity sha512-i2R6zNFDwgEHJyQUtJEk0XFi1i0dPFn/oqjK3/vPCcDeJvW5NQ83V8QbicfF1SupOaB0h8ntgBC2YiE7dfyctQ==

is-core-module@^2.2.0:
  version "2.5.0"
  resolved "https://registry.yarnpkg.com/is-core-module/-/is-core-module-2.5.0.tgz#f754843617c70bfd29b7bd87327400cda5c18491"
  integrity sha512-TXCMSDsEHMEEZ6eCA8rwRDbLu55MRGmrctljsBX/2v1d9/GzqHOxW5c5oPSgrUt2vBFXebu9rGqckXGPWOlYpg==
  dependencies:
    has "^1.0.3"

is-decimal@^1.0.0:
  version "1.0.4"
  resolved "https://registry.yarnpkg.com/is-decimal/-/is-decimal-1.0.4.tgz#65a3a5958a1c5b63a706e1b333d7cd9f630d3fa5"
  integrity sha512-RGdriMmQQvZ2aqaQq3awNA6dCGtKpiDFcOzrTWrDAT2MiWrKQVPmxLGHl7Y2nNu6led0kEyoX0enY0qXYsv9zw==

is-extendable@^0.1.0:
  version "0.1.1"
  resolved "https://registry.yarnpkg.com/is-extendable/-/is-extendable-0.1.1.tgz#62b110e289a471418e3ec36a617d472e301dfc89"
  integrity sha1-YrEQ4omkcUGOPsNqYX1HLjAd/Ik=

is-hexadecimal@^1.0.0:
  version "1.0.4"
  resolved "https://registry.yarnpkg.com/is-hexadecimal/-/is-hexadecimal-1.0.4.tgz#cc35c97588da4bd49a8eedd6bc4082d44dcb23a7"
  integrity sha512-gyPJuv83bHMpocVYoqof5VDiZveEoGoFL8m3BXNb2VW8Xs+rz9kqO8LOQ5DH6EsuvilT1ApazU0pyl+ytbPtlw==

is-plain-obj@^2.0.0:
  version "2.1.0"
  resolved "https://registry.yarnpkg.com/is-plain-obj/-/is-plain-obj-2.1.0.tgz#45e42e37fccf1f40da8e5f76ee21515840c09287"
  integrity sha512-YWnfyRwxL/+SsrWYfOpUtz5b3YD+nyfkHvjbcanzk8zgyO4ASD67uVMRt8k5bM4lLMDnXfriRhOpemw+NfT1eA==

js-yaml@^3.13.1:
  version "3.14.1"
  resolved "https://registry.yarnpkg.com/js-yaml/-/js-yaml-3.14.1.tgz#dae812fdb3825fa306609a8717383c50c36a0537"
  integrity sha512-okMH7OXXJ7YrN9Ok3/SXrnu4iX9yOk+25nqX4imS2npuvTYDmo/QEZoqwZkYaIDk3jVvBOTOIEgEhaLOynBS9g==
  dependencies:
    argparse "^1.0.7"
    esprima "^4.0.0"

kind-of@^6.0.0, kind-of@^6.0.2:
  version "6.0.3"
  resolved "https://registry.yarnpkg.com/kind-of/-/kind-of-6.0.3.tgz#07c05034a6c349fa06e24fa35aa76db4580ce4dd"
  integrity sha512-dcS1ul+9tmeD95T+x28/ehLgd9mENa3LsvDTtzm3vyBEO7RPptvAD+t44WVXaUjTBRcrpFeFlC8WCruUR456hw==

kleur@^4.1.4:
  version "4.1.4"
  resolved "https://registry.yarnpkg.com/kleur/-/kleur-4.1.4.tgz#8c202987d7e577766d039a8cd461934c01cda04d"
  integrity sha512-8QADVssbrFjivHWQU7KkMgptGTl6WAcSdlbBPY4uNF+mWr6DGcKrvY2w4FQJoXch7+fKMjj0dRrL75vk3k23OA==

magic-string@^0.25.7:
  version "0.25.7"
  resolved "https://registry.yarnpkg.com/magic-string/-/magic-string-0.25.7.tgz#3f497d6fd34c669c6798dcb821f2ef31f5445051"
  integrity sha512-4CrMT5DOHTDk4HYDlzmwu4FVCcIYI8gauveasrdCu2IKIFOJ3f0v/8MDGJCDL9oD2ppz/Av1b0Nj345H9M+XIA==
  dependencies:
    sourcemap-codec "^1.4.4"

mdast-util-definitions@^4.0.0:
  version "4.0.0"
  resolved "https://registry.yarnpkg.com/mdast-util-definitions/-/mdast-util-definitions-4.0.0.tgz#c5c1a84db799173b4dcf7643cda999e440c24db2"
  integrity sha512-k8AJ6aNnUkB7IE+5azR9h81O5EQ/cTDXtWdMq9Kk5KcEW/8ritU5CeLg/9HhOC++nALHBlaogJ5jz0Ybk3kPMQ==
  dependencies:
    unist-util-visit "^2.0.0"

mdast-util-from-markdown@^0.8.0:
  version "0.8.5"
  resolved "https://registry.yarnpkg.com/mdast-util-from-markdown/-/mdast-util-from-markdown-0.8.5.tgz#d1ef2ca42bc377ecb0463a987910dae89bd9a28c"
  integrity sha512-2hkTXtYYnr+NubD/g6KGBS/0mFmBcifAsI0yIWRiRo0PjVs6SSOSOdtzbp6kSGnShDN6G5aWZpKQ2lWRy27mWQ==
  dependencies:
    "@types/mdast" "^3.0.0"
    mdast-util-to-string "^2.0.0"
    micromark "~2.11.0"
    parse-entities "^2.0.0"
    unist-util-stringify-position "^2.0.0"

mdast-util-to-hast@^10.2.0:
  version "10.2.0"
  resolved "https://registry.yarnpkg.com/mdast-util-to-hast/-/mdast-util-to-hast-10.2.0.tgz#61875526a017d8857b71abc9333942700b2d3604"
  integrity sha512-JoPBfJ3gBnHZ18icCwHR50orC9kNH81tiR1gs01D8Q5YpV6adHNO9nKNuFBCJQ941/32PT1a63UF/DitmS3amQ==
  dependencies:
    "@types/mdast" "^3.0.0"
    "@types/unist" "^2.0.0"
    mdast-util-definitions "^4.0.0"
    mdurl "^1.0.0"
    unist-builder "^2.0.0"
    unist-util-generated "^1.0.0"
    unist-util-position "^3.0.0"
    unist-util-visit "^2.0.0"

mdast-util-to-string@^2.0.0:
  version "2.0.0"
  resolved "https://registry.yarnpkg.com/mdast-util-to-string/-/mdast-util-to-string-2.0.0.tgz#b8cfe6a713e1091cb5b728fc48885a4767f8b97b"
  integrity sha512-AW4DRS3QbBayY/jJmD8437V1Gombjf8RSOUCMFBuo5iHi58AGEgVCKQ+ezHkZZDpAQS75hcBMpLqjpJTjtUL7w==

mdurl@^1.0.0:
  version "1.0.1"
  resolved "https://registry.yarnpkg.com/mdurl/-/mdurl-1.0.1.tgz#fe85b2ec75a59037f2adfec100fd6c601761152e"
  integrity sha1-/oWy7HWlkDfyrf7BAP1sYBdhFS4=

micromark@~2.11.0:
  version "2.11.4"
  resolved "https://registry.yarnpkg.com/micromark/-/micromark-2.11.4.tgz#d13436138eea826383e822449c9a5c50ee44665a"
  integrity sha512-+WoovN/ppKolQOFIAajxi7Lu9kInbPxFuTBVEavFcL8eAfVstoc5MocPmqBeAdBOJV00uaVjegzH4+MA0DN/uA==
  dependencies:
    debug "^4.0.0"
    parse-entities "^2.0.0"

mri@^1.1.0:
  version "1.1.6"
  resolved "https://registry.yarnpkg.com/mri/-/mri-1.1.6.tgz#49952e1044db21dbf90f6cd92bc9c9a777d415a6"
  integrity sha512-oi1b3MfbyGa7FJMP9GmLTttni5JoICpYBRlq+x5V16fZbLsnL9N3wFqqIm/nIG43FjUFkFh9Epzp/kzUGUnJxQ==

ms@2.1.2:
  version "2.1.2"
  resolved "https://registry.yarnpkg.com/ms/-/ms-2.1.2.tgz#d09d1f357b443f493382a8eb3ccd183872ae6009"
  integrity sha512-sGkPx+VjMtmA6MX27oA4FBFELFCZZ4S4XqeGOXCv68tT+jb3vk/RyaKWP0PTKyWtmLSM0b+adUTEvbs1PEaH2w==

nanoid@^3.1.23:
  version "3.1.23"
  resolved "https://registry.yarnpkg.com/nanoid/-/nanoid-3.1.23.tgz#f744086ce7c2bc47ee0a8472574d5c78e4183a81"
  integrity sha512-FiB0kzdP0FFVGDKlRLEQ1BgDzU87dy5NnzjeW9YZNt+/c3+q82EQDUwniSAUxp/F0gFNI1ZhKU1FqYsMuqZVnw==

parse-entities@^2.0.0:
  version "2.0.0"
  resolved "https://registry.yarnpkg.com/parse-entities/-/parse-entities-2.0.0.tgz#53c6eb5b9314a1f4ec99fa0fdf7ce01ecda0cbe8"
  integrity sha512-kkywGpCcRYhqQIchaWqZ875wzpS/bMKhz5HnN3p7wveJTkTtyAB/AlnS0f8DFSqYW1T82t6yEAkEcB+A1I3MbQ==
  dependencies:
    character-entities "^1.0.0"
    character-entities-legacy "^1.0.0"
    character-reference-invalid "^1.0.0"
    is-alphanumerical "^1.0.0"
    is-decimal "^1.0.0"
    is-hexadecimal "^1.0.0"

path-parse@^1.0.6:
  version "1.0.7"
  resolved "https://registry.yarnpkg.com/path-parse/-/path-parse-1.0.7.tgz#fbc114b60ca42b30d9daf5858e4bd68bbedb6735"
  integrity sha512-LDJzPVEEEPR+y48z93A0Ed0yXb8pAByGWo/k5YYdYgpY2/2EsOsksJrq7lOHxryrVOn1ejG6oAp8ahvOIQD8sw==

picomatch@^2.2.2:
  version "2.3.0"
  resolved "https://registry.yarnpkg.com/picomatch/-/picomatch-2.3.0.tgz#f1f061de8f6a4bf022892e2d128234fb98302972"
  integrity sha512-lY1Q/PiJGC2zOv/z391WOTD+Z02bCgsFfvxoXXf6h7kv9o+WmsmzYqrAwY63sNgOxE4xEdq0WyUnXfKeBrSvYw==

postcss@^8.3.5:
  version "8.3.5"
  resolved "https://registry.yarnpkg.com/postcss/-/postcss-8.3.5.tgz#982216b113412bc20a86289e91eb994952a5b709"
  integrity sha512-NxTuJocUhYGsMiMFHDUkmjSKT3EdH4/WbGF6GCi1NDGk+vbcUTun4fpbOqaPtD8IIsztA2ilZm2DhYCuyN58gA==
  dependencies:
    colorette "^1.2.2"
    nanoid "^3.1.23"
    source-map-js "^0.6.2"

property-information@^5.0.0:
  version "5.6.0"
  resolved "https://registry.yarnpkg.com/property-information/-/property-information-5.6.0.tgz#61675545fb23002f245c6540ec46077d4da3ed69"
  integrity sha512-YUHSPk+A30YPv+0Qf8i9Mbfe/C0hdPXk1s1jPVToV8pk8BQtpw10ct89Eo7OWkutrwqvT0eicAxlOg3dOAu8JA==
  dependencies:
    xtend "^4.0.0"

rehype-stringify@^8.0.0:
  version "8.0.0"
  resolved "https://registry.yarnpkg.com/rehype-stringify/-/rehype-stringify-8.0.0.tgz#9b6afb599bcf3165f10f93fc8548f9a03d2ec2ba"
  integrity sha512-VkIs18G0pj2xklyllrPSvdShAV36Ff3yE5PUO9u36f6+2qJFnn22Z5gKwBOwgXviux4UC7K+/j13AnZfPICi/g==
  dependencies:
    hast-util-to-html "^7.1.1"

remark-parse@^9.0.0:
  version "9.0.0"
  resolved "https://registry.yarnpkg.com/remark-parse/-/remark-parse-9.0.0.tgz#4d20a299665880e4f4af5d90b7c7b8a935853640"
  integrity sha512-geKatMwSzEXKHuzBNU1z676sGcDcFoChMK38TgdHJNAYfFtsfHDQG7MoJAjs6sgYMqyLduCYWDIWZIxiPeafEw==
  dependencies:
    mdast-util-from-markdown "^0.8.0"

remark-rehype@^8.1.0:
  version "8.1.0"
  resolved "https://registry.yarnpkg.com/remark-rehype/-/remark-rehype-8.1.0.tgz#610509a043484c1e697437fa5eb3fd992617c945"
  integrity sha512-EbCu9kHgAxKmW1yEYjx3QafMyGY3q8noUbNUI5xyKbaFP89wbhDrKxyIQNukNYthzjNHZu6J7hwFg7hRm1svYA==
  dependencies:
    mdast-util-to-hast "^10.2.0"

require-relative@^0.8.7:
  version "0.8.7"
  resolved "https://registry.yarnpkg.com/require-relative/-/require-relative-0.8.7.tgz#7999539fc9e047a37928fa196f8e1563dabd36de"
  integrity sha1-eZlTn8ngR6N5KPoZb44VY9q9Nt4=

resolve@^1.20.0:
  version "1.20.0"
  resolved "https://registry.yarnpkg.com/resolve/-/resolve-1.20.0.tgz#629a013fb3f70755d6f0b7935cc1c2c5378b1975"
  integrity sha512-wENBPt4ySzg4ybFQW2TT1zMQucPK95HSh/nq2CFTZVOGut2+pQvSsgtda4d26YrYcr067wjbmzOG8byDPBX63A==
  dependencies:
    is-core-module "^2.2.0"
    path-parse "^1.0.6"

rollup@^2.38.5:
  version "2.53.1"
  resolved "https://registry.yarnpkg.com/rollup/-/rollup-2.53.1.tgz#b60439efd1eb41bdb56630509bd99aae78b575d3"
  integrity sha512-yiTCvcYXZEulNWNlEONOQVlhXA/hgxjelFSjNcrwAAIfYx/xqjSHwqg/cCaWOyFRKr+IQBaXwt723m8tCaIUiw==
  optionalDependencies:
    fsevents "~2.3.2"

sade@^1.7.4:
  version "1.7.4"
  resolved "https://registry.yarnpkg.com/sade/-/sade-1.7.4.tgz#ea681e0c65d248d2095c90578c03ca0bb1b54691"
  integrity sha512-y5yauMD93rX840MwUJr7C1ysLFBgMspsdTo4UVrDg3fXDvtwOyIqykhVAAm6fk/3au77773itJStObgK+LKaiA==
  dependencies:
    mri "^1.1.0"

section-matter@^1.0.0:
  version "1.0.0"
  resolved "https://registry.yarnpkg.com/section-matter/-/section-matter-1.0.0.tgz#e9041953506780ec01d59f292a19c7b850b84167"
  integrity sha512-vfD3pmTzGpufjScBh50YHKzEu2lxBWhVEHsNGoEXmCmn2hKGfeNLYMzCJpe8cD7gqX7TJluOVpBkAequ6dgMmA==
  dependencies:
    extend-shallow "^2.0.1"
    kind-of "^6.0.0"

source-map-js@^0.6.2:
  version "0.6.2"
  resolved "https://registry.yarnpkg.com/source-map-js/-/source-map-js-0.6.2.tgz#0bb5de631b41cfbda6cfba8bd05a80efdfd2385e"
  integrity sha512-/3GptzWzu0+0MBQFrDKzw/DvvMTUORvgY6k6jd/VS6iCR4RDTKWH6v6WPwQoUO8667uQEf9Oe38DxAYWY5F/Ug==

sourcemap-codec@^1.4.4:
  version "1.4.8"
  resolved "https://registry.yarnpkg.com/sourcemap-codec/-/sourcemap-codec-1.4.8.tgz#ea804bd94857402e6992d05a38ef1ae35a9ab4c4"
  integrity sha512-9NykojV5Uih4lgo5So5dtw+f0JgJX30KCNI8gwhz2J9A15wD0Ml6tjHKwf6fTSa6fAdVBdZeNOs9eJ71qCk8vA==

space-separated-tokens@^1.0.0:
  version "1.1.5"
  resolved "https://registry.yarnpkg.com/space-separated-tokens/-/space-separated-tokens-1.1.5.tgz#85f32c3d10d9682007e917414ddc5c26d1aa6899"
  integrity sha512-q/JSVd1Lptzhf5bkYm4ob4iWPjx0KiRe3sRFBNrVqbJkFaBm5vbbowy1mymoPNLRa52+oadOhJ+K49wsSeSjTA==

sprintf-js@~1.0.2:
  version "1.0.3"
  resolved "https://registry.yarnpkg.com/sprintf-js/-/sprintf-js-1.0.3.tgz#04e6926f662895354f3dd015203633b857297e2c"
  integrity sha1-BOaSb2YolTVPPdAVIDYzuFcpfiw=

stringify-entities@^3.0.1:
  version "3.1.0"
  resolved "https://registry.yarnpkg.com/stringify-entities/-/stringify-entities-3.1.0.tgz#b8d3feac256d9ffcc9fa1fefdcf3ca70576ee903"
  integrity sha512-3FP+jGMmMV/ffZs86MoghGqAoqXAdxLrJP4GUdrDN1aIScYih5tuIO3eF4To5AJZ79KDZ8Fpdy7QJnK8SsL1Vg==
  dependencies:
    character-entities-html4 "^1.0.0"
    character-entities-legacy "^1.0.0"
    xtend "^4.0.0"

strip-bom-string@^1.0.0:
  version "1.0.0"
  resolved "https://registry.yarnpkg.com/strip-bom-string/-/strip-bom-string-1.0.0.tgz#e5211e9224369fbb81d633a2f00044dc8cedad92"
  integrity sha1-5SEekiQ2n7uB1jOi8ABE3IztrZI=

svelte-hmr@^0.14.5:
  version "0.14.5"
  resolved "https://registry.yarnpkg.com/svelte-hmr/-/svelte-hmr-0.14.5.tgz#739a1ca1f4b8f66569c81424fcd5ddf0f7f1344f"
  integrity sha512-3O+kkbT1XKAomKB0LRcdY8JUTzONoNZ8rSH4iEdG7piIYsw+KkXpTkbbU1Sc1yPY4onfXkmCrHElYsxr0V1Snw==

svelte@^3.38.3:
  version "3.38.3"
  resolved "https://registry.yarnpkg.com/svelte/-/svelte-3.38.3.tgz#e15a1da98ee4b10162a6c8cb4c80aa86b2b589ed"
  integrity sha512-N7bBZJH0iF24wsalFZF+fVYMUOigaAUQMIcEKHO3jstK/iL8VmP9xE+P0/a76+FkNcWt+TDv2Gx1taUoUscrvw==

trough@^1.0.0:
  version "1.0.5"
  resolved "https://registry.yarnpkg.com/trough/-/trough-1.0.5.tgz#b8b639cefad7d0bb2abd37d433ff8293efa5f406"
  integrity sha512-rvuRbTarPXmMb79SmzEp8aqXNKcK+y0XaB298IXueQ8I2PsrATcPBCSPyK/dDNa2iWOhKlfNnOjdAOTBU/nkFA==

unified@^9.2.1:
  version "9.2.1"
  resolved "https://registry.yarnpkg.com/unified/-/unified-9.2.1.tgz#ae18d5674c114021bfdbdf73865ca60f410215a3"
  integrity sha512-juWjuI8Z4xFg8pJbnEZ41b5xjGUWGHqXALmBZ3FC3WX0PIx1CZBIIJ6mXbYMcf6Yw4Fi0rFUTA1cdz/BglbOhA==
  dependencies:
    bail "^1.0.0"
    extend "^3.0.0"
    is-buffer "^2.0.0"
    is-plain-obj "^2.0.0"
    trough "^1.0.0"
    vfile "^4.0.0"

unist-builder@^2.0.0:
  version "2.0.3"
  resolved "https://registry.yarnpkg.com/unist-builder/-/unist-builder-2.0.3.tgz#77648711b5d86af0942f334397a33c5e91516436"
  integrity sha512-f98yt5pnlMWlzP539tPc4grGMsFaQQlP/vM396b00jngsiINumNmsY8rkXjfoi1c6QaM8nQ3vaGDuoKWbe/1Uw==

unist-util-generated@^1.0.0:
  version "1.1.6"
  resolved "https://registry.yarnpkg.com/unist-util-generated/-/unist-util-generated-1.1.6.tgz#5ab51f689e2992a472beb1b35f2ce7ff2f324d4b"
  integrity sha512-cln2Mm1/CZzN5ttGK7vkoGw+RZ8VcUH6BtGbq98DDtRGquAAOXig1mrBQYelOwMXYS8rK+vZDyyojSjp7JX+Lg==

unist-util-is@^4.0.0:
  version "4.1.0"
  resolved "https://registry.yarnpkg.com/unist-util-is/-/unist-util-is-4.1.0.tgz#976e5f462a7a5de73d94b706bac1b90671b57797"
  integrity sha512-ZOQSsnce92GrxSqlnEEseX0gi7GH9zTJZ0p9dtu87WRb/37mMPO2Ilx1s/t9vBHrFhbgweUwb+t7cIn5dxPhZg==

unist-util-position@^3.0.0:
  version "3.1.0"
  resolved "https://registry.yarnpkg.com/unist-util-position/-/unist-util-position-3.1.0.tgz#1c42ee6301f8d52f47d14f62bbdb796571fa2d47"
  integrity sha512-w+PkwCbYSFw8vpgWD0v7zRCl1FpY3fjDSQ3/N/wNd9Ffa4gPi8+4keqt99N3XW6F99t/mUzp2xAhNmfKWp95QA==

unist-util-stringify-position@^2.0.0:
  version "2.0.3"
  resolved "https://registry.yarnpkg.com/unist-util-stringify-position/-/unist-util-stringify-position-2.0.3.tgz#cce3bfa1cdf85ba7375d1d5b17bdc4cada9bd9da"
  integrity sha512-3faScn5I+hy9VleOq/qNbAd6pAx7iH5jYBMS9I1HgQVijz/4mv5Bvw5iw1sC/90CODiKo81G/ps8AJrISn687g==
  dependencies:
    "@types/unist" "^2.0.2"

unist-util-visit-parents@^3.0.0:
  version "3.1.1"
  resolved "https://registry.yarnpkg.com/unist-util-visit-parents/-/unist-util-visit-parents-3.1.1.tgz#65a6ce698f78a6b0f56aa0e88f13801886cdaef6"
  integrity sha512-1KROIZWo6bcMrZEwiH2UrXDyalAa0uqzWCxCJj6lPOvTve2WkfgCytoDTPaMnodXh1WrXOq0haVYHj99ynJlsg==
  dependencies:
    "@types/unist" "^2.0.0"
    unist-util-is "^4.0.0"

unist-util-visit@^2.0.0:
  version "2.0.3"
  resolved "https://registry.yarnpkg.com/unist-util-visit/-/unist-util-visit-2.0.3.tgz#c3703893146df47203bb8a9795af47d7b971208c"
  integrity sha512-iJ4/RczbJMkD0712mGktuGpm/U4By4FfDonL7N/9tATGIF4imikjOuagyMY53tnZq3NP6BcmlrHhEKAfGWjh7Q==
  dependencies:
    "@types/unist" "^2.0.0"
    unist-util-is "^4.0.0"
    unist-util-visit-parents "^3.0.0"

vfile-message@^2.0.0:
  version "2.0.4"
  resolved "https://registry.yarnpkg.com/vfile-message/-/vfile-message-2.0.4.tgz#5b43b88171d409eae58477d13f23dd41d52c371a"
  integrity sha512-DjssxRGkMvifUOJre00juHoP9DPWuzjxKuMDrhNbk2TdaYYBNMStsNhEOt3idrtI12VQYM/1+iM0KOzXi4pxwQ==
  dependencies:
    "@types/unist" "^2.0.0"
    unist-util-stringify-position "^2.0.0"

vfile@^4.0.0:
  version "4.2.1"
  resolved "https://registry.yarnpkg.com/vfile/-/vfile-4.2.1.tgz#03f1dce28fc625c625bc6514350fbdb00fa9e624"
  integrity sha512-O6AE4OskCG5S1emQ/4gl8zK586RqA3srz3nfK/Viy0UPToBc5Trp9BVFb1u0CjsKrAWwnpr4ifM/KBXPWwJbCA==
  dependencies:
    "@types/unist" "^2.0.0"
    is-buffer "^2.0.0"
    unist-util-stringify-position "^2.0.0"
    vfile-message "^2.0.0"

vite@^2.4.1:
  version "2.4.2"
  resolved "https://registry.yarnpkg.com/vite/-/vite-2.4.2.tgz#07d00615775c808530bc9f65641062b349b67929"
  integrity sha512-2MifxD2I9fjyDmmEzbULOo3kOUoqX90A58cT6mECxoVQlMYFuijZsPQBuA14mqSwvV3ydUsqnq+BRWXyO9Qa+w==
  dependencies:
    esbuild "^0.12.8"
    postcss "^8.3.5"
    resolve "^1.20.0"
    rollup "^2.38.5"
  optionalDependencies:
    fsevents "~2.3.2"

xtend@^4.0.0:
  version "4.0.2"
  resolved "https://registry.yarnpkg.com/xtend/-/xtend-4.0.2.tgz#bb72779f5fa465186b1f438f674fa347fdb5db54"
  integrity sha512-LKYU1iAXJXUgAXn9URjiu+MWhyUXHsvfp7mcuYm9dSUKK0/CjtrUwFAxD82/mCWbtLsGjFIad0wIsod4zrTAEQ==
